
Microsoft Visual Studio Solution File, Format Version 12.00
# Visual Studio Version 17
VisualStudioVersion = 17.7.34031.279
MinimumVisualStudioVersion = 10.0.40219.1
Project("{FAE04EC0-301F-11D3-BF4B-00C04F79EFBC}") = "QuizAI.Api", "QuizAI.Api.csproj", "{CB25A5DC-0585-4FA8-B858-A4469A4319F5}"
EndProject
Global
	GlobalSection(SolutionConfigurationPlatforms) = preSolution
		Debug|Any CPU = Debug|Any CPU
		Release|Any CPU = Release|Any CPU
	EndGlobalSection
	GlobalSection(ProjectConfigurationPlatforms) = postSolution
		{CB25A5DC-0585-4FA8-B858-A4469A4319F5}.Debug|Any CPU.ActiveCfg = Debug|Any CPU
		{CB25A5DC-0585-4FA8-B858-A4469A4319F5}.Debug|Any CPU.Build.0 = Debug|Any CPU
		{CB25A5DC-0585-4FA8-B858-A4469A4319F5}.Release|Any CPU.ActiveCfg = Release|Any CPU
		{CB25A5DC-0585-4FA8-B858-A4469A4319F5}.Release|Any CPU.Build.0 = Release|Any CPU
	EndGlobalSection
	GlobalSection(SolutionProperties) = preSolution
		HideSolutionNode = FALSE
	EndGlobalSection
	GlobalSection(ExtensibilityGlobals) = postSolution
		SolutionGuid = {175CAD5B-FFD2-454D-8840-A009F540FBA2}
	EndGlobalSection
EndGlobal
